
Microsoft Visual Studio Solution File, Format Version 12.00
# Visual Studio 15
VisualStudioVersion = 15.0.27130.2010
MinimumVisualStudioVersion = 10.0.40219.1
Project("{FAE04EC0-301F-11D3-BF4B-00C04F79EFBC}") = "NewVision.IDP", "NewVision.IDP\NewVision.IDP.csproj", "{1497D8F1-7974-4EEC-B698-7A2798653763}"
EndProject
Global
	GlobalSection(SolutionConfigurationPlatforms) = preSolution
		Debug|Any CPU = Debug|Any CPU
		Release|Any CPU = Release|Any CPU
	EndGlobalSection
	GlobalSection(ProjectConfigurationPlatforms) = postSolution
		{1497D8F1-7974-4EEC-B698-7A2798653763}.Debug|Any CPU.ActiveCfg = Debug|Any CPU
		{1497D8F1-7974-4EEC-B698-7A2798653763}.Debug|Any CPU.Build.0 = Debug|Any CPU
		{1497D8F1-7974-4EEC-B698-7A2798653763}.Release|Any CPU.ActiveCfg = Release|Any CPU
		{1497D8F1-7974-4EEC-B698-7A2798653763}.Release|Any CPU.Build.0 = Release|Any CPU
	EndGlobalSection
	GlobalSection(SolutionProperties) = preSolution
		HideSolutionNode = FALSE
	EndGlobalSection
	GlobalSection(ExtensibilityGlobals) = postSolution
		SolutionGuid = {67A37AF3-7F9A-49AD-8F5E-E9A301292879}
	EndGlobalSection
EndGlobal
